
Microsoft Visual Studio Solution File, Format Version 12.00
# Visual Studio Version 16
VisualStudioVersion = 16.0.30011.22
MinimumVisualStudioVersion = 10.0.40219.1
Project("{8BC9CEB8-8B4A-11D0-8D11-00A0C91BC942}") = "Notes", "Notes\Notes.vcxproj", "{50528352-5CF3-4F15-AD2B-58D2FCDDEF11}"
EndProject
Global
	GlobalSection(SolutionConfigurationPlatforms) = preSolution
		Debug|x64 = Debug|x64
		Debug|x86 = Debug|x86
		Release|x64 = Release|x64
		Release|x86 = Release|x86
	EndGlobalSection
	GlobalSection(ProjectConfigurationPlatforms) = postSolution
		{50528352-5CF3-4F15-AD2B-58D2FCDDEF11}.Debug|x64.ActiveCfg = Debug|x64
		{50528352-5CF3-4F15-AD2B-58D2FCDDEF11}.Debug|x64.Build.0 = Debug|x64
		{50528352-5CF3-4F15-AD2B-58D2FCDDEF11}.Debug|x86.ActiveCfg = Debug|Win32
		{50528352-5CF3-4F15-AD2B-58D2FCDDEF11}.Debug|x86.Build.0 = Debug|Win32
		{50528352-5CF3-4F15-AD2B-58D2FCDDEF11}.Release|x64.ActiveCfg = Release|x64
		{50528352-5CF3-4F15-AD2B-58D2FCDDEF11}.Release|x64.Build.0 = Release|x64
		{50528352-5CF3-4F15-AD2B-58D2FCDDEF11}.Release|x86.ActiveCfg = Release|Win32
		{50528352-5CF3-4F15-AD2B-58D2FCDDEF11}.Release|x86.Build.0 = Release|Win32
	EndGlobalSection
	GlobalSection(SolutionProperties) = preSolution
		HideSolutionNode = FALSE
	EndGlobalSection
	GlobalSection(ExtensibilityGlobals) = postSolution
		SolutionGuid = {CDC20E27-0FDD-4F7E-83B7-E805391B6688}
	EndGlobalSection
EndGlobal
